# This file was autogenerated by Stack.
# You should not edit this file by hand.
# For more information, please see the documentation at:
#   https://docs.haskellstack.org/en/stable/lock_files

packages: []
snapshots:
- completed:
    size: 631483
    url: https://raw.githubusercontent.com/commercialhaskell/stackage-snapshots/master/nightly/2022/1/27.yaml
    sha256: 9fd3a84e21a00cbd62abe0cfd8e3620d8014272d27b9357dfe27704270d49624
  original: nightly-2022-01-27
